
Microsoft Visual Studio Solution File, Format Version 12.00
# Visual Studio 2013
VisualStudioVersion = 12.0.40629.0
MinimumVisualStudioVersion = 10.0.40219.1
Project("{FAE04EC0-301F-11D3-BF4B-00C04F79EFBC}") = "helloserve.com.Schedule", "helloserve.com.Schedule\helloserve.com.Schedule.csproj", "{FD85FCFA-545E-4D3E-8C55-18DE0645605E}"
EndProject
Project("{FAE04EC0-301F-11D3-BF4B-00C04F79EFBC}") = "helloserve.com.Feature", "helloserve.com.Feature\helloserve.com.Feature.csproj", "{A5546FCE-1010-4746-85BE-FB231D12866E}"
EndProject
Global
	GlobalSection(SolutionConfigurationPlatforms) = preSolution
		Debug|Any CPU = Debug|Any CPU
		Release|Any CPU = Release|Any CPU
	EndGlobalSection
	GlobalSection(ProjectConfigurationPlatforms) = postSolution
		{FD85FCFA-545E-4D3E-8C55-18DE0645605E}.Debug|Any CPU.ActiveCfg = Debug|Any CPU
		{FD85FCFA-545E-4D3E-8C55-18DE0645605E}.Debug|Any CPU.Build.0 = Debug|Any CPU
		{FD85FCFA-545E-4D3E-8C55-18DE0645605E}.Release|Any CPU.ActiveCfg = Release|Any CPU
		{FD85FCFA-545E-4D3E-8C55-18DE0645605E}.Release|Any CPU.Build.0 = Release|Any CPU
		{A5546FCE-1010-4746-85BE-FB231D12866E}.Debug|Any CPU.ActiveCfg = Debug|Any CPU
		{A5546FCE-1010-4746-85BE-FB231D12866E}.Debug|Any CPU.Build.0 = Debug|Any CPU
		{A5546FCE-1010-4746-85BE-FB231D12866E}.Release|Any CPU.ActiveCfg = Release|Any CPU
		{A5546FCE-1010-4746-85BE-FB231D12866E}.Release|Any CPU.Build.0 = Release|Any CPU
	EndGlobalSection
	GlobalSection(SolutionProperties) = preSolution
		HideSolutionNode = FALSE
	EndGlobalSection
EndGlobal
