
Microsoft Visual Studio Solution File, Format Version 12.00
# Visual Studio 14
VisualStudioVersion = 14.0.25420.1
MinimumVisualStudioVersion = 10.0.40219.1
Project("{FAE04EC0-301F-11D3-BF4B-00C04F79EFBC}") = "helloserve.com.Entities", "helloserve.com.Entities\helloserve.com.Entities.csproj", "{08EFBFA6-5225-4D56-986C-294559049CC4}"
EndProject
Project("{FAE04EC0-301F-11D3-BF4B-00C04F79EFBC}") = "helloserve.com.Model", "helloserve.com.Model\helloserve.com.Model.csproj", "{1A9D44A5-FC86-4BB3-A068-3744F2796317}"
EndProject
Project("{FAE04EC0-301F-11D3-BF4B-00C04F79EFBC}") = "helloserve.com.Repository", "helloserve.com.Repository\helloserve.com.Repository.csproj", "{4B64E870-EFD4-4CF4-B328-F4D80BEB673D}"
EndProject
Project("{FAE04EC0-301F-11D3-BF4B-00C04F79EFBC}") = "helloserve.com.Azure", "helloserve.com.Azure\helloserve.com.Azure.csproj", "{B8B1433A-0C08-4E72-8141-BB3E64BB2582}"
EndProject
Project("{2150E333-8FDC-42A3-9474-1A3956D46DE8}") = "PublishScripts", "PublishScripts", "{48343B95-06CB-4141-BD68-D72A5FCBB99F}"
	ProjectSection(SolutionItems) = preProject
		PublishScripts\AzureWebsitePublishModule.psm1 = PublishScripts\AzureWebsitePublishModule.psm1
		PublishScripts\Publish-WebApplicationWebsite.ps1 = PublishScripts\Publish-WebApplicationWebsite.ps1
	EndProjectSection
EndProject
Project("{2150E333-8FDC-42A3-9474-1A3956D46DE8}") = "Configurations", "Configurations", "{A0C820C4-77E0-4395-8A33-D83A6FAB9E1A}"
	ProjectSection(SolutionItems) = preProject
		PublishScripts\Configurations\helloservecomAzure-WAWS-dev.json = PublishScripts\Configurations\helloservecomAzure-WAWS-dev.json
	EndProjectSection
EndProject
Global
	GlobalSection(SolutionConfigurationPlatforms) = preSolution
		Debug|Any CPU = Debug|Any CPU
		Release|Any CPU = Release|Any CPU
		Test|Any CPU = Test|Any CPU
	EndGlobalSection
	GlobalSection(ProjectConfigurationPlatforms) = postSolution
		{08EFBFA6-5225-4D56-986C-294559049CC4}.Debug|Any CPU.ActiveCfg = Debug|Any CPU
		{08EFBFA6-5225-4D56-986C-294559049CC4}.Debug|Any CPU.Build.0 = Debug|Any CPU
		{08EFBFA6-5225-4D56-986C-294559049CC4}.Release|Any CPU.ActiveCfg = Release|Any CPU
		{08EFBFA6-5225-4D56-986C-294559049CC4}.Release|Any CPU.Build.0 = Release|Any CPU
		{08EFBFA6-5225-4D56-986C-294559049CC4}.Test|Any CPU.ActiveCfg = Test|Any CPU
		{08EFBFA6-5225-4D56-986C-294559049CC4}.Test|Any CPU.Build.0 = Test|Any CPU
		{1A9D44A5-FC86-4BB3-A068-3744F2796317}.Debug|Any CPU.ActiveCfg = Debug|Any CPU
		{1A9D44A5-FC86-4BB3-A068-3744F2796317}.Debug|Any CPU.Build.0 = Debug|Any CPU
		{1A9D44A5-FC86-4BB3-A068-3744F2796317}.Release|Any CPU.ActiveCfg = Release|Any CPU
		{1A9D44A5-FC86-4BB3-A068-3744F2796317}.Release|Any CPU.Build.0 = Release|Any CPU
		{1A9D44A5-FC86-4BB3-A068-3744F2796317}.Test|Any CPU.ActiveCfg = Release|Any CPU
		{1A9D44A5-FC86-4BB3-A068-3744F2796317}.Test|Any CPU.Build.0 = Release|Any CPU
		{4B64E870-EFD4-4CF4-B328-F4D80BEB673D}.Debug|Any CPU.ActiveCfg = Debug|Any CPU
		{4B64E870-EFD4-4CF4-B328-F4D80BEB673D}.Debug|Any CPU.Build.0 = Debug|Any CPU
		{4B64E870-EFD4-4CF4-B328-F4D80BEB673D}.Release|Any CPU.ActiveCfg = Release|Any CPU
		{4B64E870-EFD4-4CF4-B328-F4D80BEB673D}.Release|Any CPU.Build.0 = Release|Any CPU
		{4B64E870-EFD4-4CF4-B328-F4D80BEB673D}.Test|Any CPU.ActiveCfg = Release|Any CPU
		{4B64E870-EFD4-4CF4-B328-F4D80BEB673D}.Test|Any CPU.Build.0 = Release|Any CPU
		{B8B1433A-0C08-4E72-8141-BB3E64BB2582}.Debug|Any CPU.ActiveCfg = Debug|Any CPU
		{B8B1433A-0C08-4E72-8141-BB3E64BB2582}.Debug|Any CPU.Build.0 = Debug|Any CPU
		{B8B1433A-0C08-4E72-8141-BB3E64BB2582}.Release|Any CPU.ActiveCfg = Release|Any CPU
		{B8B1433A-0C08-4E72-8141-BB3E64BB2582}.Release|Any CPU.Build.0 = Release|Any CPU
		{B8B1433A-0C08-4E72-8141-BB3E64BB2582}.Test|Any CPU.ActiveCfg = Release|Any CPU
		{B8B1433A-0C08-4E72-8141-BB3E64BB2582}.Test|Any CPU.Build.0 = Release|Any CPU
	EndGlobalSection
	GlobalSection(SolutionProperties) = preSolution
		HideSolutionNode = FALSE
	EndGlobalSection
	GlobalSection(NestedProjects) = preSolution
		{A0C820C4-77E0-4395-8A33-D83A6FAB9E1A} = {48343B95-06CB-4141-BD68-D72A5FCBB99F}
	EndGlobalSection
EndGlobal
