
Microsoft Visual Studio Solution File, Format Version 12.00
# Visual Studio 15
VisualStudioVersion = 15.0.28307.329
MinimumVisualStudioVersion = 10.0.40219.1
Project("{2150E333-8FDC-42A3-9474-1A3956D46DE8}") = "src", "src", "{8C9200EB-F4DF-429F-BEB0-3F67A156D147}"
EndProject
Project("{9A19103F-16F7-4668-BE54-9A1E7A4F7556}") = "helloserve.com.Domain.Abstractions", "src\helloserve.com.Domain.Abstractions\helloserve.com.Domain.Abstractions.csproj", "{32190D88-2FB7-465F-B439-88F3D6F9BC6A}"
EndProject
Project("{FAE04EC0-301F-11D3-BF4B-00C04F79EFBC}") = "helloserve.com.Domain", "src\helloserve.com.Domain\helloserve.com.Domain.csproj", "{EA17D4A6-0F45-4EE3-BCBB-E494B91B9801}"
EndProject
Global
	GlobalSection(SolutionConfigurationPlatforms) = preSolution
		Debug|Any CPU = Debug|Any CPU
		Release|Any CPU = Release|Any CPU
	EndGlobalSection
	GlobalSection(ProjectConfigurationPlatforms) = postSolution
		{32190D88-2FB7-465F-B439-88F3D6F9BC6A}.Debug|Any CPU.ActiveCfg = Debug|Any CPU
		{32190D88-2FB7-465F-B439-88F3D6F9BC6A}.Debug|Any CPU.Build.0 = Debug|Any CPU
		{32190D88-2FB7-465F-B439-88F3D6F9BC6A}.Release|Any CPU.ActiveCfg = Release|Any CPU
		{32190D88-2FB7-465F-B439-88F3D6F9BC6A}.Release|Any CPU.Build.0 = Release|Any CPU
		{EA17D4A6-0F45-4EE3-BCBB-E494B91B9801}.Debug|Any CPU.ActiveCfg = Debug|Any CPU
		{EA17D4A6-0F45-4EE3-BCBB-E494B91B9801}.Debug|Any CPU.Build.0 = Debug|Any CPU
		{EA17D4A6-0F45-4EE3-BCBB-E494B91B9801}.Release|Any CPU.ActiveCfg = Release|Any CPU
		{EA17D4A6-0F45-4EE3-BCBB-E494B91B9801}.Release|Any CPU.Build.0 = Release|Any CPU
	EndGlobalSection
	GlobalSection(SolutionProperties) = preSolution
		HideSolutionNode = FALSE
	EndGlobalSection
	GlobalSection(NestedProjects) = preSolution
		{32190D88-2FB7-465F-B439-88F3D6F9BC6A} = {8C9200EB-F4DF-429F-BEB0-3F67A156D147}
		{EA17D4A6-0F45-4EE3-BCBB-E494B91B9801} = {8C9200EB-F4DF-429F-BEB0-3F67A156D147}
	EndGlobalSection
	GlobalSection(ExtensibilityGlobals) = postSolution
		SolutionGuid = {040E5595-A1E6-4C84-ABF4-841EDDC03AC3}
	EndGlobalSection
EndGlobal
