
Microsoft Visual Studio Solution File, Format Version 12.00
# Visual Studio Version 16
VisualStudioVersion = 16.0.28803.202
MinimumVisualStudioVersion = 10.0.40219.1
Project("{2150E333-8FDC-42A3-9474-1A3956D46DE8}") = "src", "src", "{8C9200EB-F4DF-429F-BEB0-3F67A156D147}"
EndProject
Project("{9A19103F-16F7-4668-BE54-9A1E7A4F7556}") = "helloserve.com.Domain.Abstractions", "src\helloserve.com.Domain.Abstractions\helloserve.com.Domain.Abstractions.csproj", "{32190D88-2FB7-465F-B439-88F3D6F9BC6A}"
EndProject
Project("{9A19103F-16F7-4668-BE54-9A1E7A4F7556}") = "helloserve.com.Domain", "src\helloserve.com.Domain\helloserve.com.Domain.csproj", "{EA17D4A6-0F45-4EE3-BCBB-E494B91B9801}"
EndProject
Project("{2150E333-8FDC-42A3-9474-1A3956D46DE8}") = "test", "test", "{D8FE20AC-24C0-4C2E-8AD6-4DFF279DAE7D}"
EndProject
Project("{9A19103F-16F7-4668-BE54-9A1E7A4F7556}") = "helloserve.com.Test.Domain", "test\helloserve.com.Test.Domain\helloserve.com.Test.Domain.csproj", "{1855A0ED-A605-4A46-ACF6-61975DD1195E}"
EndProject
Project("{2150E333-8FDC-42A3-9474-1A3956D46DE8}") = "Solution Items", "Solution Items", "{6FC52E37-A58E-4582-ACE3-29E5B07C07D5}"
	ProjectSection(SolutionItems) = preProject
		.gitattributes = .gitattributes
		.gitignore = .gitignore
	EndProjectSection
EndProject
Project("{2150E333-8FDC-42A3-9474-1A3956D46DE8}") = "Web", "Web", "{BFB7E0C6-1AAB-4048-A6DE-38E3FA9E406F}"
EndProject
Project("{9A19103F-16F7-4668-BE54-9A1E7A4F7556}") = "helloserve.com", "src\helloserve.com\helloserve.com.csproj", "{62C27F83-1A4A-446D-80B3-18A3B38D2643}"
EndProject
Project("{9A19103F-16F7-4668-BE54-9A1E7A4F7556}") = "helloserve.com.Test", "test\helloserve.com.Test\helloserve.com.Test.csproj", "{7CF98F47-0540-471B-88D6-26E718DDD085}"
EndProject
Project("{2150E333-8FDC-42A3-9474-1A3956D46DE8}") = "Web", "Web", "{88633372-3B38-4724-9770-D76EB13BA8A9}"
EndProject
Project("{9A19103F-16F7-4668-BE54-9A1E7A4F7556}") = "helloserve.com.Test.Repository", "test\helloserve.com.Test.Repository\helloserve.com.Test.Repository.csproj", "{DCECBB3E-E9B1-48A9-9B6E-198CE229E85B}"
EndProject
Project("{9A19103F-16F7-4668-BE54-9A1E7A4F7556}") = "helloserve.com.Repository", "src\helloserve.com.Repository\helloserve.com.Repository.csproj", "{7E3D7C58-ABF5-47D3-A3AD-0F7881103FF8}"
EndProject
Project("{2150E333-8FDC-42A3-9474-1A3956D46DE8}") = "Database", "Database", "{44CF10DC-6EED-4FAC-8683-F409EB914C8F}"
EndProject
Project("{9A19103F-16F7-4668-BE54-9A1E7A4F7556}") = "helloserve.com.Database", "src\helloserve.com.Database\helloserve.com.Database.csproj", "{B6247083-CE69-4FFD-BC5B-64BDFD09671B}"
EndProject
Global
	GlobalSection(SolutionConfigurationPlatforms) = preSolution
		Debug|Any CPU = Debug|Any CPU
		Release|Any CPU = Release|Any CPU
		UITest|Any CPU = UITest|Any CPU
	EndGlobalSection
	GlobalSection(ProjectConfigurationPlatforms) = postSolution
		{32190D88-2FB7-465F-B439-88F3D6F9BC6A}.Debug|Any CPU.ActiveCfg = Debug|Any CPU
		{32190D88-2FB7-465F-B439-88F3D6F9BC6A}.Debug|Any CPU.Build.0 = Debug|Any CPU
		{32190D88-2FB7-465F-B439-88F3D6F9BC6A}.Release|Any CPU.ActiveCfg = Release|Any CPU
		{32190D88-2FB7-465F-B439-88F3D6F9BC6A}.Release|Any CPU.Build.0 = Release|Any CPU
		{32190D88-2FB7-465F-B439-88F3D6F9BC6A}.UITest|Any CPU.ActiveCfg = UITest|Any CPU
		{32190D88-2FB7-465F-B439-88F3D6F9BC6A}.UITest|Any CPU.Build.0 = UITest|Any CPU
		{EA17D4A6-0F45-4EE3-BCBB-E494B91B9801}.Debug|Any CPU.ActiveCfg = Debug|Any CPU
		{EA17D4A6-0F45-4EE3-BCBB-E494B91B9801}.Debug|Any CPU.Build.0 = Debug|Any CPU
		{EA17D4A6-0F45-4EE3-BCBB-E494B91B9801}.Release|Any CPU.ActiveCfg = Release|Any CPU
		{EA17D4A6-0F45-4EE3-BCBB-E494B91B9801}.Release|Any CPU.Build.0 = Release|Any CPU
		{EA17D4A6-0F45-4EE3-BCBB-E494B91B9801}.UITest|Any CPU.ActiveCfg = UITest|Any CPU
		{EA17D4A6-0F45-4EE3-BCBB-E494B91B9801}.UITest|Any CPU.Build.0 = UITest|Any CPU
		{1855A0ED-A605-4A46-ACF6-61975DD1195E}.Debug|Any CPU.ActiveCfg = Debug|Any CPU
		{1855A0ED-A605-4A46-ACF6-61975DD1195E}.Debug|Any CPU.Build.0 = Debug|Any CPU
		{1855A0ED-A605-4A46-ACF6-61975DD1195E}.Release|Any CPU.ActiveCfg = Release|Any CPU
		{1855A0ED-A605-4A46-ACF6-61975DD1195E}.Release|Any CPU.Build.0 = Release|Any CPU
		{1855A0ED-A605-4A46-ACF6-61975DD1195E}.UITest|Any CPU.ActiveCfg = UITest|Any CPU
		{1855A0ED-A605-4A46-ACF6-61975DD1195E}.UITest|Any CPU.Build.0 = UITest|Any CPU
		{62C27F83-1A4A-446D-80B3-18A3B38D2643}.Debug|Any CPU.ActiveCfg = Debug|Any CPU
		{62C27F83-1A4A-446D-80B3-18A3B38D2643}.Debug|Any CPU.Build.0 = Debug|Any CPU
		{62C27F83-1A4A-446D-80B3-18A3B38D2643}.Release|Any CPU.ActiveCfg = Release|Any CPU
		{62C27F83-1A4A-446D-80B3-18A3B38D2643}.Release|Any CPU.Build.0 = Release|Any CPU
		{62C27F83-1A4A-446D-80B3-18A3B38D2643}.UITest|Any CPU.ActiveCfg = UITest|Any CPU
		{62C27F83-1A4A-446D-80B3-18A3B38D2643}.UITest|Any CPU.Build.0 = UITest|Any CPU
		{7CF98F47-0540-471B-88D6-26E718DDD085}.Debug|Any CPU.ActiveCfg = Debug|Any CPU
		{7CF98F47-0540-471B-88D6-26E718DDD085}.Debug|Any CPU.Build.0 = Debug|Any CPU
		{7CF98F47-0540-471B-88D6-26E718DDD085}.Release|Any CPU.ActiveCfg = Release|Any CPU
		{7CF98F47-0540-471B-88D6-26E718DDD085}.Release|Any CPU.Build.0 = Release|Any CPU
		{7CF98F47-0540-471B-88D6-26E718DDD085}.UITest|Any CPU.ActiveCfg = Debug|Any CPU
		{7CF98F47-0540-471B-88D6-26E718DDD085}.UITest|Any CPU.Build.0 = Debug|Any CPU
		{DCECBB3E-E9B1-48A9-9B6E-198CE229E85B}.Debug|Any CPU.ActiveCfg = Debug|Any CPU
		{DCECBB3E-E9B1-48A9-9B6E-198CE229E85B}.Debug|Any CPU.Build.0 = Debug|Any CPU
		{DCECBB3E-E9B1-48A9-9B6E-198CE229E85B}.Release|Any CPU.ActiveCfg = Release|Any CPU
		{DCECBB3E-E9B1-48A9-9B6E-198CE229E85B}.Release|Any CPU.Build.0 = Release|Any CPU
		{DCECBB3E-E9B1-48A9-9B6E-198CE229E85B}.UITest|Any CPU.ActiveCfg = Debug|Any CPU
		{DCECBB3E-E9B1-48A9-9B6E-198CE229E85B}.UITest|Any CPU.Build.0 = Debug|Any CPU
		{7E3D7C58-ABF5-47D3-A3AD-0F7881103FF8}.Debug|Any CPU.ActiveCfg = Debug|Any CPU
		{7E3D7C58-ABF5-47D3-A3AD-0F7881103FF8}.Debug|Any CPU.Build.0 = Debug|Any CPU
		{7E3D7C58-ABF5-47D3-A3AD-0F7881103FF8}.Release|Any CPU.ActiveCfg = Release|Any CPU
		{7E3D7C58-ABF5-47D3-A3AD-0F7881103FF8}.Release|Any CPU.Build.0 = Release|Any CPU
		{7E3D7C58-ABF5-47D3-A3AD-0F7881103FF8}.UITest|Any CPU.ActiveCfg = Debug|Any CPU
		{7E3D7C58-ABF5-47D3-A3AD-0F7881103FF8}.UITest|Any CPU.Build.0 = Debug|Any CPU
		{B6247083-CE69-4FFD-BC5B-64BDFD09671B}.Debug|Any CPU.ActiveCfg = Debug|Any CPU
		{B6247083-CE69-4FFD-BC5B-64BDFD09671B}.Debug|Any CPU.Build.0 = Debug|Any CPU
		{B6247083-CE69-4FFD-BC5B-64BDFD09671B}.Release|Any CPU.ActiveCfg = Release|Any CPU
		{B6247083-CE69-4FFD-BC5B-64BDFD09671B}.Release|Any CPU.Build.0 = Release|Any CPU
		{B6247083-CE69-4FFD-BC5B-64BDFD09671B}.UITest|Any CPU.ActiveCfg = Debug|Any CPU
		{B6247083-CE69-4FFD-BC5B-64BDFD09671B}.UITest|Any CPU.Build.0 = Debug|Any CPU
	EndGlobalSection
	GlobalSection(SolutionProperties) = preSolution
		HideSolutionNode = FALSE
	EndGlobalSection
	GlobalSection(NestedProjects) = preSolution
		{32190D88-2FB7-465F-B439-88F3D6F9BC6A} = {8C9200EB-F4DF-429F-BEB0-3F67A156D147}
		{EA17D4A6-0F45-4EE3-BCBB-E494B91B9801} = {8C9200EB-F4DF-429F-BEB0-3F67A156D147}
		{1855A0ED-A605-4A46-ACF6-61975DD1195E} = {D8FE20AC-24C0-4C2E-8AD6-4DFF279DAE7D}
		{BFB7E0C6-1AAB-4048-A6DE-38E3FA9E406F} = {8C9200EB-F4DF-429F-BEB0-3F67A156D147}
		{62C27F83-1A4A-446D-80B3-18A3B38D2643} = {BFB7E0C6-1AAB-4048-A6DE-38E3FA9E406F}
		{7CF98F47-0540-471B-88D6-26E718DDD085} = {88633372-3B38-4724-9770-D76EB13BA8A9}
		{88633372-3B38-4724-9770-D76EB13BA8A9} = {D8FE20AC-24C0-4C2E-8AD6-4DFF279DAE7D}
		{DCECBB3E-E9B1-48A9-9B6E-198CE229E85B} = {D8FE20AC-24C0-4C2E-8AD6-4DFF279DAE7D}
		{7E3D7C58-ABF5-47D3-A3AD-0F7881103FF8} = {8C9200EB-F4DF-429F-BEB0-3F67A156D147}
		{44CF10DC-6EED-4FAC-8683-F409EB914C8F} = {8C9200EB-F4DF-429F-BEB0-3F67A156D147}
		{B6247083-CE69-4FFD-BC5B-64BDFD09671B} = {44CF10DC-6EED-4FAC-8683-F409EB914C8F}
	EndGlobalSection
	GlobalSection(ExtensibilityGlobals) = postSolution
		SolutionGuid = {040E5595-A1E6-4C84-ABF4-841EDDC03AC3}
	EndGlobalSection
EndGlobal
