
Microsoft Visual Studio Solution File, Format Version 12.00
# Visual Studio 2013
VisualStudioVersion = 12.0.31101.0
MinimumVisualStudioVersion = 10.0.40219.1
Project("{FAE04EC0-301F-11D3-BF4B-00C04F79EFBC}") = "helloserve.com.Shedding.Api", "helloserve.com.Shedding.Api\helloserve.com.Shedding.Api.csproj", "{FC20922B-4383-47B4-8A1C-E377CB50C15D}"
EndProject
Project("{FAE04EC0-301F-11D3-BF4B-00C04F79EFBC}") = "helloserve.com.Shedding.Entities", "helloserve.com.Shedding.Entities\helloserve.com.Shedding.Entities.csproj", "{7A36954C-EF7A-4900-A0D0-6E02A6C14957}"
EndProject
Project("{FAE04EC0-301F-11D3-BF4B-00C04F79EFBC}") = "helloserve.com.Shedding.Model", "helloserve.com.Shedding.Model\helloserve.com.Shedding.Model.csproj", "{3552DD3E-E50A-492D-A442-743F1D25D6A8}"
EndProject
Project("{2150E333-8FDC-42A3-9474-1A3956D46DE8}") = ".nuget", ".nuget", "{9134EC40-00CF-45BB-9D20-B718D59FF697}"
	ProjectSection(SolutionItems) = preProject
		.nuget\NuGet.Config = .nuget\NuGet.Config
		.nuget\NuGet.exe = .nuget\NuGet.exe
		.nuget\NuGet.targets = .nuget\NuGet.targets
	EndProjectSection
EndProject
Project("{FAE04EC0-301F-11D3-BF4B-00C04F79EFBC}") = "helloserve.com.Shedding.Model.Test", "helloserve.com.Shedding.Model.Test\helloserve.com.Shedding.Model.Test.csproj", "{59ABFB47-4111-40E3-9516-7D846F850C5A}"
EndProject
Global
	GlobalSection(SolutionConfigurationPlatforms) = preSolution
		Debug|Any CPU = Debug|Any CPU
		Release|Any CPU = Release|Any CPU
	EndGlobalSection
	GlobalSection(ProjectConfigurationPlatforms) = postSolution
		{FC20922B-4383-47B4-8A1C-E377CB50C15D}.Debug|Any CPU.ActiveCfg = Debug|Any CPU
		{FC20922B-4383-47B4-8A1C-E377CB50C15D}.Debug|Any CPU.Build.0 = Debug|Any CPU
		{FC20922B-4383-47B4-8A1C-E377CB50C15D}.Release|Any CPU.ActiveCfg = Release|Any CPU
		{FC20922B-4383-47B4-8A1C-E377CB50C15D}.Release|Any CPU.Build.0 = Release|Any CPU
		{7A36954C-EF7A-4900-A0D0-6E02A6C14957}.Debug|Any CPU.ActiveCfg = Debug|Any CPU
		{7A36954C-EF7A-4900-A0D0-6E02A6C14957}.Debug|Any CPU.Build.0 = Debug|Any CPU
		{7A36954C-EF7A-4900-A0D0-6E02A6C14957}.Release|Any CPU.ActiveCfg = Release|Any CPU
		{7A36954C-EF7A-4900-A0D0-6E02A6C14957}.Release|Any CPU.Build.0 = Release|Any CPU
		{3552DD3E-E50A-492D-A442-743F1D25D6A8}.Debug|Any CPU.ActiveCfg = Debug|Any CPU
		{3552DD3E-E50A-492D-A442-743F1D25D6A8}.Debug|Any CPU.Build.0 = Debug|Any CPU
		{3552DD3E-E50A-492D-A442-743F1D25D6A8}.Release|Any CPU.ActiveCfg = Release|Any CPU
		{3552DD3E-E50A-492D-A442-743F1D25D6A8}.Release|Any CPU.Build.0 = Release|Any CPU
		{59ABFB47-4111-40E3-9516-7D846F850C5A}.Debug|Any CPU.ActiveCfg = Debug|Any CPU
		{59ABFB47-4111-40E3-9516-7D846F850C5A}.Debug|Any CPU.Build.0 = Debug|Any CPU
		{59ABFB47-4111-40E3-9516-7D846F850C5A}.Release|Any CPU.ActiveCfg = Release|Any CPU
		{59ABFB47-4111-40E3-9516-7D846F850C5A}.Release|Any CPU.Build.0 = Release|Any CPU
	EndGlobalSection
	GlobalSection(SolutionProperties) = preSolution
		HideSolutionNode = FALSE
	EndGlobalSection
EndGlobal
